
Microsoft Visual Studio Solution File, Format Version 12.00
# Visual Studio 15
VisualStudioVersion = 15.0.26430.13
MinimumVisualStudioVersion = 10.0.40219.1
Project("{FAE04EC0-301F-11D3-BF4B-00C04F79EFBC}") = "template01", "template01\template01.csproj", "{97680D02-CE8D-439D-8908-1F33BA8AB919}"
EndProject
Project("{FAE04EC0-301F-11D3-BF4B-00C04F79EFBC}") = "DropBoxServiciosAccionesApi", "DropBoxServiciosAccionesApi\DropBoxServiciosAccionesApi.csproj", "{C1B5620C-AAA5-4220-8445-8694BB1E5141}"
EndProject
Project("{FAE04EC0-301F-11D3-BF4B-00C04F79EFBC}") = "DropBoxReportes", "DropBoxReportes\DropBoxReportes.csproj", "{AED8BDCD-2651-46EB-A9BB-389DA0BB3524}"
EndProject
Project("{FAE04EC0-301F-11D3-BF4B-00C04F79EFBC}") = "YCP_DATA", "YCP_DATA\YCP_DATA.csproj", "{3787C0CE-A031-4483-A739-84BE6F1822D8}"
EndProject
Global
	GlobalSection(SolutionConfigurationPlatforms) = preSolution
		Debug|Any CPU = Debug|Any CPU
		Release|Any CPU = Release|Any CPU
	EndGlobalSection
	GlobalSection(ProjectConfigurationPlatforms) = postSolution
		{97680D02-CE8D-439D-8908-1F33BA8AB919}.Debug|Any CPU.ActiveCfg = Debug|Any CPU
		{97680D02-CE8D-439D-8908-1F33BA8AB919}.Debug|Any CPU.Build.0 = Debug|Any CPU
		{97680D02-CE8D-439D-8908-1F33BA8AB919}.Release|Any CPU.ActiveCfg = Release|Any CPU
		{97680D02-CE8D-439D-8908-1F33BA8AB919}.Release|Any CPU.Build.0 = Release|Any CPU
		{C1B5620C-AAA5-4220-8445-8694BB1E5141}.Debug|Any CPU.ActiveCfg = Debug|Any CPU
		{C1B5620C-AAA5-4220-8445-8694BB1E5141}.Debug|Any CPU.Build.0 = Debug|Any CPU
		{C1B5620C-AAA5-4220-8445-8694BB1E5141}.Release|Any CPU.ActiveCfg = Release|Any CPU
		{C1B5620C-AAA5-4220-8445-8694BB1E5141}.Release|Any CPU.Build.0 = Release|Any CPU
		{AED8BDCD-2651-46EB-A9BB-389DA0BB3524}.Debug|Any CPU.ActiveCfg = Debug|Any CPU
		{AED8BDCD-2651-46EB-A9BB-389DA0BB3524}.Debug|Any CPU.Build.0 = Debug|Any CPU
		{AED8BDCD-2651-46EB-A9BB-389DA0BB3524}.Release|Any CPU.ActiveCfg = Release|Any CPU
		{AED8BDCD-2651-46EB-A9BB-389DA0BB3524}.Release|Any CPU.Build.0 = Release|Any CPU
		{3787C0CE-A031-4483-A739-84BE6F1822D8}.Debug|Any CPU.ActiveCfg = Debug|Any CPU
		{3787C0CE-A031-4483-A739-84BE6F1822D8}.Debug|Any CPU.Build.0 = Debug|Any CPU
		{3787C0CE-A031-4483-A739-84BE6F1822D8}.Release|Any CPU.ActiveCfg = Release|Any CPU
		{3787C0CE-A031-4483-A739-84BE6F1822D8}.Release|Any CPU.Build.0 = Release|Any CPU
	EndGlobalSection
	GlobalSection(SolutionProperties) = preSolution
		HideSolutionNode = FALSE
	EndGlobalSection
	GlobalSection(ExtensibilityGlobals) = postSolution
		SolutionGuid = {17270B2A-7E8F-477E-9031-01BEE3B0AA83}
	EndGlobalSection
EndGlobal
